{
  "nodes": {
    "devshell": {
      "inputs": {
        "nixpkgs": "nixpkgs"
      },
      "locked": {
        "lastModified": 1722113426,
        "narHash": "sha256-Yo/3loq572A8Su6aY5GP56knpuKYRvM2a1meP9oJZCw=",
        "owner": "numtide",
        "repo": "devshell",
        "rev": "67cce7359e4cd3c45296fb4aaf6a19e2a9c757ae",
        "type": "github"
      },
      "original": {
        "owner": "numtide",
        "repo": "devshell",
        "type": "github"
      }
    },
    "flake-compat": {
      "flake": false,
      "locked": {
        "lastModified": 1627913399,
        "narHash": "sha256-hY8g6H2KFL8ownSiFeMOjwPC8P0ueXpCVEbxgda3pko=",
        "owner": "edolstra",
        "repo": "flake-compat",
        "rev": "12c64ca55c1014cdc1b16ed5a804aa8576601ff2",
        "type": "github"
      },
      "original": {
        "owner": "edolstra",
        "repo": "flake-compat",
        "type": "github"
      }
    },
    "flake-compat_2": {
      "flake": false,
      "locked": {
        "lastModified": 1696426674,
        "narHash": "sha256-kvjfFW7WAETZlt09AgDn1MrtKzP7t90Vf7vypd3OL1U=",
        "owner": "edolstra",
        "repo": "flake-compat",
        "rev": "0f9255e01c2351cc7d116c072cb317785dd33b33",
        "type": "github"
      },
      "original": {
        "owner": "edolstra",
        "repo": "flake-compat",
        "type": "github"
      }
    },
    "flake-parts": {
      "inputs": {
        "nixpkgs-lib": "nixpkgs-lib"
      },
      "locked": {
        "lastModified": 1725234343,
        "narHash": "sha256-+ebgonl3NbiKD2UD0x4BszCZQ6sTfL4xioaM49o5B3Y=",
        "owner": "hercules-ci",
        "repo": "flake-parts",
        "rev": "567b938d64d4b4112ee253b9274472dc3a346eb6",
        "type": "github"
      },
      "original": {
        "owner": "hercules-ci",
        "repo": "flake-parts",
        "type": "github"
      }
    },
    "flake-utils": {
      "inputs": {
        "systems": "systems"
      },
      "locked": {
        "lastModified": 1710146030,
        "narHash": "sha256-SZ5L6eA7HJ/nmkzGG7/ISclqe6oZdOZTNoesiInkXPQ=",
        "owner": "numtide",
        "repo": "flake-utils",
        "rev": "b1d9ab70662946ef0850d488da1c9019f3a9752a",
        "type": "github"
      },
      "original": {
        "owner": "numtide",
        "repo": "flake-utils",
        "type": "github"
      }
    },
    "flake-utils_2": {
      "locked": {
        "lastModified": 1638122382,
        "narHash": "sha256-sQzZzAbvKEqN9s0bzWuYmRaA03v40gaJ4+iL1LXjaeI=",
        "owner": "numtide",
        "repo": "flake-utils",
        "rev": "74f7e4319258e287b0f9cb95426c9853b282730b",
        "type": "github"
      },
      "original": {
        "owner": "numtide",
        "repo": "flake-utils",
        "type": "github"
      }
    },
    "forester": {
      "inputs": {
        "flake-utils": "flake-utils",
        "nixpkgs": [
          "nixpkgs"
        ],
        "opam-nix": "opam-nix",
        "opam-repository": "opam-repository_2"
      },
      "locked": {
        "lastModified": 1724675643,
        "narHash": "sha256-y3QtnZtEKDH+X4YKxQhM5Nnb5Gkq/BXkz0woPs2SgCw=",
        "owner": "~jonsterling",
        "repo": "ocaml-forester",
        "rev": "56de06afe952d752c1a13fdcd8bb56c5fef9956f",
        "type": "sourcehut"
      },
      "original": {
        "owner": "~jonsterling",
        "repo": "ocaml-forester",
        "type": "sourcehut"
      }
    },
    "gitignore": {
      "inputs": {
        "nixpkgs": [
          "pre-commit-hooks",
          "nixpkgs"
        ]
      },
      "locked": {
        "lastModified": 1709087332,
        "narHash": "sha256-HG2cCnktfHsKV0s4XW83gU3F57gaTljL9KNSuG6bnQs=",
        "owner": "hercules-ci",
        "repo": "gitignore.nix",
        "rev": "637db329424fd7e46cf4185293b9cc8c88c95394",
        "type": "github"
      },
      "original": {
        "owner": "hercules-ci",
        "repo": "gitignore.nix",
        "type": "github"
      }
    },
    "mirage-opam-overlays": {
      "flake": false,
      "locked": {
        "lastModified": 1661959605,
        "narHash": "sha256-CPTuhYML3F4J58flfp3ZbMNhkRkVFKmBEYBZY5tnQwA=",
        "owner": "dune-universe",
        "repo": "mirage-opam-overlays",
        "rev": "05f1c1823d891ce4d8adab91f5db3ac51d86dc0b",
        "type": "github"
      },
      "original": {
        "owner": "dune-universe",
        "repo": "mirage-opam-overlays",
        "type": "github"
      }
    },
    "nixpkgs": {
      "locked": {
        "lastModified": 1722073938,
        "narHash": "sha256-OpX0StkL8vpXyWOGUD6G+MA26wAXK6SpT94kLJXo6B4=",
        "owner": "NixOS",
        "repo": "nixpkgs",
        "rev": "e36e9f57337d0ff0cf77aceb58af4c805472bfae",
        "type": "github"
      },
      "original": {
        "owner": "NixOS",
        "ref": "nixpkgs-unstable",
        "repo": "nixpkgs",
        "type": "github"
      }
    },
    "nixpkgs-lib": {
      "locked": {
        "lastModified": 1725233747,
        "narHash": "sha256-Ss8QWLXdr2JCBPcYChJhz4xJm+h/xjl4G0c0XlP6a74=",
        "type": "tarball",
        "url": "https://github.com/NixOS/nixpkgs/archive/356624c12086a18f2ea2825fed34523d60ccc4e3.tar.gz"
      },
      "original": {
        "type": "tarball",
        "url": "https://github.com/NixOS/nixpkgs/archive/356624c12086a18f2ea2825fed34523d60ccc4e3.tar.gz"
      }
    },
    "nixpkgs-stable": {
      "locked": {
        "lastModified": 1720386169,
        "narHash": "sha256-NGKVY4PjzwAa4upkGtAMz1npHGoRzWotlSnVlqI40mo=",
        "owner": "NixOS",
        "repo": "nixpkgs",
        "rev": "194846768975b7ad2c4988bdb82572c00222c0d7",
        "type": "github"
      },
      "original": {
        "owner": "NixOS",
        "ref": "nixos-24.05",
        "repo": "nixpkgs",
        "type": "github"
      }
    },
    "nixpkgs_2": {
      "locked": {
        "lastModified": 1682362401,
        "narHash": "sha256-/UMUHtF2CyYNl4b60Z2y4wwTTdIWGKhj9H301EDcT9M=",
        "owner": "nixos",
        "repo": "nixpkgs",
        "rev": "884ac294018409e0d1adc0cae185439a44bd6b0b",
        "type": "github"
      },
      "original": {
        "owner": "nixos",
        "ref": "nixos-unstable",
        "repo": "nixpkgs",
        "type": "github"
      }
    },
    "nixpkgs_3": {
      "locked": {
        "lastModified": 1725194671,
        "narHash": "sha256-tLGCFEFTB5TaOKkpfw3iYT9dnk4awTP/q4w+ROpMfuw=",
        "owner": "NixOS",
        "repo": "nixpkgs",
        "rev": "b833ff01a0d694b910daca6e2ff4a3f26dee478c",
        "type": "github"
      },
      "original": {
        "owner": "NixOS",
        "ref": "nixpkgs-unstable",
        "repo": "nixpkgs",
        "type": "github"
      }
    },
    "nixpkgs_4": {
      "locked": {
        "lastModified": 1719082008,
        "narHash": "sha256-jHJSUH619zBQ6WdC21fFAlDxHErKVDJ5fpN0Hgx4sjs=",
        "owner": "NixOS",
        "repo": "nixpkgs",
        "rev": "9693852a2070b398ee123a329e68f0dab5526681",
        "type": "github"
      },
      "original": {
        "owner": "NixOS",
        "ref": "nixpkgs-unstable",
        "repo": "nixpkgs",
        "type": "github"
      }
    },
    "opam-nix": {
      "inputs": {
        "flake-compat": "flake-compat",
        "flake-utils": "flake-utils_2",
        "mirage-opam-overlays": "mirage-opam-overlays",
        "nixpkgs": "nixpkgs_2",
        "opam-overlays": "opam-overlays",
        "opam-repository": "opam-repository",
        "opam2json": "opam2json"
      },
      "locked": {
        "lastModified": 1716292162,
        "narHash": "sha256-UOJNCbqvxABD56JZtZkv3C9ufdqrs7/Ep4AKkCHgPuo=",
        "owner": "tweag",
        "repo": "opam-nix",
        "rev": "1d3cbd6d3f247db77cb581c88c9a1d72e4acad60",
        "type": "github"
      },
      "original": {
        "owner": "tweag",
        "repo": "opam-nix",
        "type": "github"
      }
    },
    "opam-overlays": {
      "flake": false,
      "locked": {
        "lastModified": 1654162756,
        "narHash": "sha256-RV68fUK+O3zTx61iiHIoS0LvIk0E4voMp+0SwRg6G6c=",
        "owner": "dune-universe",
        "repo": "opam-overlays",
        "rev": "c8f6ef0fc5272f254df4a971a47de7848cc1c8a4",
        "type": "github"
      },
      "original": {
        "owner": "dune-universe",
        "repo": "opam-overlays",
        "type": "github"
      }
    },
    "opam-repository": {
      "flake": false,
      "locked": {
        "lastModified": 1705008664,
        "narHash": "sha256-TTjTal49QK2U0yVOmw6rJhTGYM7tnj3Kv9DiEEiLt7E=",
        "owner": "ocaml",
        "repo": "opam-repository",
        "rev": "fa77046c6497f8ca32926acdb7eb1e61777d4c17",
        "type": "github"
      },
      "original": {
        "owner": "ocaml",
        "repo": "opam-repository",
        "type": "github"
      }
    },
    "opam-repository_2": {
      "flake": false,
      "locked": {
        "lastModified": 1721991799,
        "narHash": "sha256-tCIjnyc0XAXN5WQS239gJw3ZRuY/yqU3rF1/NM24G+M=",
        "owner": "ocaml",
        "repo": "opam-repository",
        "rev": "eceb4d83610133a48b62daa36665ce1292646561",
        "type": "github"
      },
      "original": {
        "owner": "ocaml",
        "repo": "opam-repository",
        "type": "github"
      }
    },
    "opam2json": {
      "inputs": {
        "nixpkgs": [
          "forester",
          "opam-nix",
          "nixpkgs"
        ]
      },
      "locked": {
        "lastModified": 1671540003,
        "narHash": "sha256-5pXfbUfpVABtKbii6aaI2EdAZTjHJ2QntEf0QD2O5AM=",
        "owner": "tweag",
        "repo": "opam2json",
        "rev": "819d291ea95e271b0e6027679de6abb4d4f7f680",
        "type": "github"
      },
      "original": {
        "owner": "tweag",
        "repo": "opam2json",
        "type": "github"
      }
    },
    "pre-commit-hooks": {
      "inputs": {
        "flake-compat": "flake-compat_2",
        "gitignore": "gitignore",
        "nixpkgs": "nixpkgs_4",
        "nixpkgs-stable": "nixpkgs-stable"
      },
      "locked": {
        "lastModified": 1724857454,
        "narHash": "sha256-Qyl9Q4QMTLZnnBb/8OuQ9LSkzWjBU1T5l5zIzTxkkhk=",
        "owner": "cachix",
        "repo": "pre-commit-hooks.nix",
        "rev": "4509ca64f1084e73bc7a721b20c669a8d4c5ebe6",
        "type": "github"
      },
      "original": {
        "owner": "cachix",
        "repo": "pre-commit-hooks.nix",
        "type": "github"
      }
    },
    "root": {
      "inputs": {
        "devshell": "devshell",
        "flake-parts": "flake-parts",
        "forester": "forester",
        "nixpkgs": "nixpkgs_3",
        "pre-commit-hooks": "pre-commit-hooks"
      }
    },
    "systems": {
      "locked": {
        "lastModified": 1681028828,
        "narHash": "sha256-Vy1rq5AaRuLzOxct8nz4T6wlgyUR7zLU309k9mBC768=",
        "owner": "nix-systems",
        "repo": "default",
        "rev": "da67096a3b9bf56a91d16901293e51ba5b49a27e",
        "type": "github"
      },
      "original": {
        "owner": "nix-systems",
        "repo": "default",
        "type": "github"
      }
    }
  },
  "root": "root",
  "version": 7
}
